
Microsoft Visual Studio Solution File, Format Version 12.00
# Visual Studio Version 17
VisualStudioVersion = 17.5.002.0
MinimumVisualStudioVersion = 10.0.40219.1
Project("{2150E333-8FDC-42A3-9474-1A3956D46DE8}") = "csharp-prep", "csharp-prep", "{00C116A8-14D4-4647-BAFF-BF49C3B27B4A}"
EndProject
Project("{9A19103F-16F7-4668-BE54-9A1E7A4F7556}") = "Prep1", "csharp-prep\Prep1\Prep1.csproj", "{5BCE1B80-4344-481A-A75A-0E71C7C81A7E}"
EndProject
Project("{9A19103F-16F7-4668-BE54-9A1E7A4F7556}") = "Prep2", "csharp-prep\Prep2\Prep2.csproj", "{D8788DE3-B775-4EDC-BA1E-BD67F7D82FAE}"
EndProject
Project("{9A19103F-16F7-4668-BE54-9A1E7A4F7556}") = "Prep3", "csharp-prep\Prep3\Prep3.csproj", "{ACF40331-D4AF-4228-9F59-37B65B055918}"
EndProject
Project("{9A19103F-16F7-4668-BE54-9A1E7A4F7556}") = "Prep4", "csharp-prep\Prep4\Prep4.csproj", "{ACBE78E2-5FFA-4669-A3B0-1B4993727926}"
EndProject
Project("{9A19103F-16F7-4668-BE54-9A1E7A4F7556}") = "Prep5", "csharp-prep\Prep5\Prep5.csproj", "{F48DB3EE-E52D-44E0-988D-303F947E96FB}"
EndProject
Project("{2150E333-8FDC-42A3-9474-1A3956D46DE8}") = "final", "final", "{E7DAAA6D-B376-4BA2-8EAD-98340C6AEF95}"
EndProject
Project("{9A19103F-16F7-4668-BE54-9A1E7A4F7556}") = "FinalProject", "final\FinalProject\FinalProject.csproj", "{A310327F-6315-49D4-B450-124483EA7564}"
EndProject
Project("{9A19103F-16F7-4668-BE54-9A1E7A4F7556}") = "Foundation1", "final\Foundation1\Foundation1.csproj", "{83205AC9-83C4-4F4A-BFD5-FAF58A3C1E2A}"
EndProject
Project("{9A19103F-16F7-4668-BE54-9A1E7A4F7556}") = "Foundation2", "final\Foundation2\Foundation2.csproj", "{9AE28CBB-7A2C-4934-A7C4-2CDD2556AE0B}"
EndProject
Project("{9A19103F-16F7-4668-BE54-9A1E7A4F7556}") = "Foundation3", "final\Foundation3\Foundation3.csproj", "{99D358AB-B277-4022-985F-3A5A463A57D2}"
EndProject
Project("{9A19103F-16F7-4668-BE54-9A1E7A4F7556}") = "Foundation4", "final\Foundation4\Foundation4.csproj", "{0B77671B-69B5-4C0F-A9D1-D39AE07E9940}"
EndProject
Project("{2150E333-8FDC-42A3-9474-1A3956D46DE8}") = "prepare", "prepare", "{3742AC93-88DE-427C-8065-3044E7CE7120}"
EndProject
Project("{9A19103F-16F7-4668-BE54-9A1E7A4F7556}") = "Learning02", "prepare\Learning02\Learning02.csproj", "{2DC47A7D-C212-46E3-89CF-2FAB05E6D4E7}"
EndProject
Project("{9A19103F-16F7-4668-BE54-9A1E7A4F7556}") = "Learning03", "prepare\Learning03\Learning03.csproj", "{F3F38CDB-59E8-4AB3-B3CB-6CD2130057E3}"
EndProject
Project("{9A19103F-16F7-4668-BE54-9A1E7A4F7556}") = "Learning04", "prepare\Learning04\Learning04.csproj", "{C3411CB2-E739-47B6-9D93-A942E43D6E2B}"
EndProject
Project("{9A19103F-16F7-4668-BE54-9A1E7A4F7556}") = "Learning05", "prepare\Learning05\Learning05.csproj", "{C9755636-F4D3-41B4-B586-5AFAC4D83308}"
EndProject
Project("{2150E333-8FDC-42A3-9474-1A3956D46DE8}") = "prove", "prove", "{BB94A78A-3423-4C70-A55E-1FDD4B33EA42}"
EndProject
Project("{9A19103F-16F7-4668-BE54-9A1E7A4F7556}") = "Develop02", "prove\Develop02\Develop02.csproj", "{33619B35-94FE-4960-91B0-073ECA667D37}"
EndProject
Project("{9A19103F-16F7-4668-BE54-9A1E7A4F7556}") = "Develop03", "prove\Develop03\Develop03.csproj", "{57E7954E-263C-439F-99D2-A74A73C4E618}"
EndProject
Project("{9A19103F-16F7-4668-BE54-9A1E7A4F7556}") = "Develop04", "prove\Develop04\Develop04.csproj", "{21FE4BC3-F1E9-4965-91C5-913F02B453D8}"
EndProject
Project("{9A19103F-16F7-4668-BE54-9A1E7A4F7556}") = "Develop05", "prove\Develop05\Develop05.csproj", "{F2C6FE57-A44D-4306-B7C3-9B7829CE198A}"
EndProject
Project("{2150E333-8FDC-42A3-9474-1A3956D46DE8}") = "sandbox", "sandbox", "{6A71EC2A-2B9A-4229-9180-DABAAF3F275E}"
EndProject
Project("{9A19103F-16F7-4668-BE54-9A1E7A4F7556}") = "Sandbox", "sandbox\Sandbox\Sandbox.csproj", "{8884867A-0F5B-424A-8AF2-9A92BCEF1EC0}"
EndProject
Global
	GlobalSection(SolutionConfigurationPlatforms) = preSolution
		Debug|Any CPU = Debug|Any CPU
		Release|Any CPU = Release|Any CPU
	EndGlobalSection
	GlobalSection(ProjectConfigurationPlatforms) = postSolution
		{5BCE1B80-4344-481A-A75A-0E71C7C81A7E}.Debug|Any CPU.ActiveCfg = Debug|Any CPU
		{5BCE1B80-4344-481A-A75A-0E71C7C81A7E}.Debug|Any CPU.Build.0 = Debug|Any CPU
		{5BCE1B80-4344-481A-A75A-0E71C7C81A7E}.Release|Any CPU.ActiveCfg = Release|Any CPU
		{5BCE1B80-4344-481A-A75A-0E71C7C81A7E}.Release|Any CPU.Build.0 = Release|Any CPU
		{D8788DE3-B775-4EDC-BA1E-BD67F7D82FAE}.Debug|Any CPU.ActiveCfg = Debug|Any CPU
		{D8788DE3-B775-4EDC-BA1E-BD67F7D82FAE}.Debug|Any CPU.Build.0 = Debug|Any CPU
		{D8788DE3-B775-4EDC-BA1E-BD67F7D82FAE}.Release|Any CPU.ActiveCfg = Release|Any CPU
		{D8788DE3-B775-4EDC-BA1E-BD67F7D82FAE}.Release|Any CPU.Build.0 = Release|Any CPU
		{ACF40331-D4AF-4228-9F59-37B65B055918}.Debug|Any CPU.ActiveCfg = Debug|Any CPU
		{ACF40331-D4AF-4228-9F59-37B65B055918}.Debug|Any CPU.Build.0 = Debug|Any CPU
		{ACF40331-D4AF-4228-9F59-37B65B055918}.Release|Any CPU.ActiveCfg = Release|Any CPU
		{ACF40331-D4AF-4228-9F59-37B65B055918}.Release|Any CPU.Build.0 = Release|Any CPU
		{ACBE78E2-5FFA-4669-A3B0-1B4993727926}.Debug|Any CPU.ActiveCfg = Debug|Any CPU
		{ACBE78E2-5FFA-4669-A3B0-1B4993727926}.Debug|Any CPU.Build.0 = Debug|Any CPU
		{ACBE78E2-5FFA-4669-A3B0-1B4993727926}.Release|Any CPU.ActiveCfg = Release|Any CPU
		{ACBE78E2-5FFA-4669-A3B0-1B4993727926}.Release|Any CPU.Build.0 = Release|Any CPU
		{F48DB3EE-E52D-44E0-988D-303F947E96FB}.Debug|Any CPU.ActiveCfg = Debug|Any CPU
		{F48DB3EE-E52D-44E0-988D-303F947E96FB}.Debug|Any CPU.Build.0 = Debug|Any CPU
		{F48DB3EE-E52D-44E0-988D-303F947E96FB}.Release|Any CPU.ActiveCfg = Release|Any CPU
		{F48DB3EE-E52D-44E0-988D-303F947E96FB}.Release|Any CPU.Build.0 = Release|Any CPU
		{A310327F-6315-49D4-B450-124483EA7564}.Debug|Any CPU.ActiveCfg = Debug|Any CPU
		{A310327F-6315-49D4-B450-124483EA7564}.Debug|Any CPU.Build.0 = Debug|Any CPU
		{A310327F-6315-49D4-B450-124483EA7564}.Release|Any CPU.ActiveCfg = Release|Any CPU
		{A310327F-6315-49D4-B450-124483EA7564}.Release|Any CPU.Build.0 = Release|Any CPU
		{83205AC9-83C4-4F4A-BFD5-FAF58A3C1E2A}.Debug|Any CPU.ActiveCfg = Debug|Any CPU
		{83205AC9-83C4-4F4A-BFD5-FAF58A3C1E2A}.Debug|Any CPU.Build.0 = Debug|Any CPU
		{83205AC9-83C4-4F4A-BFD5-FAF58A3C1E2A}.Release|Any CPU.ActiveCfg = Release|Any CPU
		{83205AC9-83C4-4F4A-BFD5-FAF58A3C1E2A}.Release|Any CPU.Build.0 = Release|Any CPU
		{9AE28CBB-7A2C-4934-A7C4-2CDD2556AE0B}.Debug|Any CPU.ActiveCfg = Debug|Any CPU
		{9AE28CBB-7A2C-4934-A7C4-2CDD2556AE0B}.Debug|Any CPU.Build.0 = Debug|Any CPU
		{9AE28CBB-7A2C-4934-A7C4-2CDD2556AE0B}.Release|Any CPU.ActiveCfg = Release|Any CPU
		{9AE28CBB-7A2C-4934-A7C4-2CDD2556AE0B}.Release|Any CPU.Build.0 = Release|Any CPU
		{99D358AB-B277-4022-985F-3A5A463A57D2}.Debug|Any CPU.ActiveCfg = Debug|Any CPU
		{99D358AB-B277-4022-985F-3A5A463A57D2}.Debug|Any CPU.Build.0 = Debug|Any CPU
		{99D358AB-B277-4022-985F-3A5A463A57D2}.Release|Any CPU.ActiveCfg = Release|Any CPU
		{99D358AB-B277-4022-985F-3A5A463A57D2}.Release|Any CPU.Build.0 = Release|Any CPU
		{0B77671B-69B5-4C0F-A9D1-D39AE07E9940}.Debug|Any CPU.ActiveCfg = Debug|Any CPU
		{0B77671B-69B5-4C0F-A9D1-D39AE07E9940}.Debug|Any CPU.Build.0 = Debug|Any CPU
		{0B77671B-69B5-4C0F-A9D1-D39AE07E9940}.Release|Any CPU.ActiveCfg = Release|Any CPU
		{0B77671B-69B5-4C0F-A9D1-D39AE07E9940}.Release|Any CPU.Build.0 = Release|Any CPU
		{2DC47A7D-C212-46E3-89CF-2FAB05E6D4E7}.Debug|Any CPU.ActiveCfg = Debug|Any CPU
		{2DC47A7D-C212-46E3-89CF-2FAB05E6D4E7}.Debug|Any CPU.Build.0 = Debug|Any CPU
		{2DC47A7D-C212-46E3-89CF-2FAB05E6D4E7}.Release|Any CPU.ActiveCfg = Release|Any CPU
		{2DC47A7D-C212-46E3-89CF-2FAB05E6D4E7}.Release|Any CPU.Build.0 = Release|Any CPU
		{F3F38CDB-59E8-4AB3-B3CB-6CD2130057E3}.Debug|Any CPU.ActiveCfg = Debug|Any CPU
		{F3F38CDB-59E8-4AB3-B3CB-6CD2130057E3}.Debug|Any CPU.Build.0 = Debug|Any CPU
		{F3F38CDB-59E8-4AB3-B3CB-6CD2130057E3}.Release|Any CPU.ActiveCfg = Release|Any CPU
		{F3F38CDB-59E8-4AB3-B3CB-6CD2130057E3}.Release|Any CPU.Build.0 = Release|Any CPU
		{C3411CB2-E739-47B6-9D93-A942E43D6E2B}.Debug|Any CPU.ActiveCfg = Debug|Any CPU
		{C3411CB2-E739-47B6-9D93-A942E43D6E2B}.Debug|Any CPU.Build.0 = Debug|Any CPU
		{C3411CB2-E739-47B6-9D93-A942E43D6E2B}.Release|Any CPU.ActiveCfg = Release|Any CPU
		{C3411CB2-E739-47B6-9D93-A942E43D6E2B}.Release|Any CPU.Build.0 = Release|Any CPU
		{C9755636-F4D3-41B4-B586-5AFAC4D83308}.Debug|Any CPU.ActiveCfg = Debug|Any CPU
		{C9755636-F4D3-41B4-B586-5AFAC4D83308}.Debug|Any CPU.Build.0 = Debug|Any CPU
		{C9755636-F4D3-41B4-B586-5AFAC4D83308}.Release|Any CPU.ActiveCfg = Release|Any CPU
		{C9755636-F4D3-41B4-B586-5AFAC4D83308}.Release|Any CPU.Build.0 = Release|Any CPU
		{33619B35-94FE-4960-91B0-073ECA667D37}.Debug|Any CPU.ActiveCfg = Debug|Any CPU
		{33619B35-94FE-4960-91B0-073ECA667D37}.Debug|Any CPU.Build.0 = Debug|Any CPU
		{33619B35-94FE-4960-91B0-073ECA667D37}.Release|Any CPU.ActiveCfg = Release|Any CPU
		{33619B35-94FE-4960-91B0-073ECA667D37}.Release|Any CPU.Build.0 = Release|Any CPU
		{57E7954E-263C-439F-99D2-A74A73C4E618}.Debug|Any CPU.ActiveCfg = Debug|Any CPU
		{57E7954E-263C-439F-99D2-A74A73C4E618}.Debug|Any CPU.Build.0 = Debug|Any CPU
		{57E7954E-263C-439F-99D2-A74A73C4E618}.Release|Any CPU.ActiveCfg = Release|Any CPU
		{57E7954E-263C-439F-99D2-A74A73C4E618}.Release|Any CPU.Build.0 = Release|Any CPU
		{21FE4BC3-F1E9-4965-91C5-913F02B453D8}.Debug|Any CPU.ActiveCfg = Debug|Any CPU
		{21FE4BC3-F1E9-4965-91C5-913F02B453D8}.Debug|Any CPU.Build.0 = Debug|Any CPU
		{21FE4BC3-F1E9-4965-91C5-913F02B453D8}.Release|Any CPU.ActiveCfg = Release|Any CPU
		{21FE4BC3-F1E9-4965-91C5-913F02B453D8}.Release|Any CPU.Build.0 = Release|Any CPU
		{F2C6FE57-A44D-4306-B7C3-9B7829CE198A}.Debug|Any CPU.ActiveCfg = Debug|Any CPU
		{F2C6FE57-A44D-4306-B7C3-9B7829CE198A}.Debug|Any CPU.Build.0 = Debug|Any CPU
		{F2C6FE57-A44D-4306-B7C3-9B7829CE198A}.Release|Any CPU.ActiveCfg = Release|Any CPU
		{F2C6FE57-A44D-4306-B7C3-9B7829CE198A}.Release|Any CPU.Build.0 = Release|Any CPU
		{8884867A-0F5B-424A-8AF2-9A92BCEF1EC0}.Debug|Any CPU.ActiveCfg = Debug|Any CPU
		{8884867A-0F5B-424A-8AF2-9A92BCEF1EC0}.Debug|Any CPU.Build.0 = Debug|Any CPU
		{8884867A-0F5B-424A-8AF2-9A92BCEF1EC0}.Release|Any CPU.ActiveCfg = Release|Any CPU
		{8884867A-0F5B-424A-8AF2-9A92BCEF1EC0}.Release|Any CPU.Build.0 = Release|Any CPU
	EndGlobalSection
	GlobalSection(SolutionProperties) = preSolution
		HideSolutionNode = FALSE
	EndGlobalSection
	GlobalSection(NestedProjects) = preSolution
		{5BCE1B80-4344-481A-A75A-0E71C7C81A7E} = {00C116A8-14D4-4647-BAFF-BF49C3B27B4A}
		{D8788DE3-B775-4EDC-BA1E-BD67F7D82FAE} = {00C116A8-14D4-4647-BAFF-BF49C3B27B4A}
		{ACF40331-D4AF-4228-9F59-37B65B055918} = {00C116A8-14D4-4647-BAFF-BF49C3B27B4A}
		{ACBE78E2-5FFA-4669-A3B0-1B4993727926} = {00C116A8-14D4-4647-BAFF-BF49C3B27B4A}
		{F48DB3EE-E52D-44E0-988D-303F947E96FB} = {00C116A8-14D4-4647-BAFF-BF49C3B27B4A}
		{A310327F-6315-49D4-B450-124483EA7564} = {E7DAAA6D-B376-4BA2-8EAD-98340C6AEF95}
		{83205AC9-83C4-4F4A-BFD5-FAF58A3C1E2A} = {E7DAAA6D-B376-4BA2-8EAD-98340C6AEF95}
		{9AE28CBB-7A2C-4934-A7C4-2CDD2556AE0B} = {E7DAAA6D-B376-4BA2-8EAD-98340C6AEF95}
		{99D358AB-B277-4022-985F-3A5A463A57D2} = {E7DAAA6D-B376-4BA2-8EAD-98340C6AEF95}
		{0B77671B-69B5-4C0F-A9D1-D39AE07E9940} = {E7DAAA6D-B376-4BA2-8EAD-98340C6AEF95}
		{2DC47A7D-C212-46E3-89CF-2FAB05E6D4E7} = {3742AC93-88DE-427C-8065-3044E7CE7120}
		{F3F38CDB-59E8-4AB3-B3CB-6CD2130057E3} = {3742AC93-88DE-427C-8065-3044E7CE7120}
		{C3411CB2-E739-47B6-9D93-A942E43D6E2B} = {3742AC93-88DE-427C-8065-3044E7CE7120}
		{C9755636-F4D3-41B4-B586-5AFAC4D83308} = {3742AC93-88DE-427C-8065-3044E7CE7120}
		{33619B35-94FE-4960-91B0-073ECA667D37} = {BB94A78A-3423-4C70-A55E-1FDD4B33EA42}
		{57E7954E-263C-439F-99D2-A74A73C4E618} = {BB94A78A-3423-4C70-A55E-1FDD4B33EA42}
		{21FE4BC3-F1E9-4965-91C5-913F02B453D8} = {BB94A78A-3423-4C70-A55E-1FDD4B33EA42}
		{F2C6FE57-A44D-4306-B7C3-9B7829CE198A} = {BB94A78A-3423-4C70-A55E-1FDD4B33EA42}
		{8884867A-0F5B-424A-8AF2-9A92BCEF1EC0} = {6A71EC2A-2B9A-4229-9180-DABAAF3F275E}
	EndGlobalSection
	GlobalSection(ExtensibilityGlobals) = postSolution
		SolutionGuid = {A516B422-892D-4EEA-9A4D-023A52AA1995}
	EndGlobalSection
EndGlobal
